
Microsoft Visual Studio Solution File, Format Version 12.00
# Visual Studio Version 17
VisualStudioVersion = 17.2.32210.308
MinimumVisualStudioVersion = 10.0.40219.1
Project("{2150E333-8FDC-42A3-9474-1A3956D46DE8}") = "FrontEnd", "FrontEnd", "{657FC7C8-B2D8-4F00-8E8D-51291F043C13}"
EndProject
Project("{9A19103F-16F7-4668-BE54-9A1E7A4F7556}") = "Mango.Web", "Mango.Web\Mango.Web.csproj", "{7D1E331C-0795-479F-9A8C-81736CAFCC7E}"
EndProject
Project("{2150E333-8FDC-42A3-9474-1A3956D46DE8}") = "Services", "Services", "{A3287A8C-203D-40DC-B321-0F8E7F4057AA}"
EndProject
Project("{9A19103F-16F7-4668-BE54-9A1E7A4F7556}") = "Mango.Services.ProductAPI", "Mango.Services.ProductAPI\Mango.Services.ProductAPI.csproj", "{97595303-D543-44E7-BDBF-58E6468DDB1B}"
EndProject
Project("{9A19103F-16F7-4668-BE54-9A1E7A4F7556}") = "Mango.Services.Identity", "Mango.Services.Identity\Mango.Services.Identity.csproj", "{395A826F-50C5-42F5-8881-32EC9DB5537B}"
EndProject
Project("{9A19103F-16F7-4668-BE54-9A1E7A4F7556}") = "Project1", "Project1\Project1.csproj", "{75CB3C7C-4B3A-45FC-9A5A-262E97E88991}"
EndProject
Project("{FAE04EC0-301F-11D3-BF4B-00C04F79EFBC}") = "Mango.Services.ShoppingCartAPI", "Mango.Services.ShoppingCartAPI\Mango.Services.ShoppingCartAPI.csproj", "{804854B1-4B21-4902-AA0B-90D1862F7E38}"
EndProject
Global
	GlobalSection(SolutionConfigurationPlatforms) = preSolution
		Debug|Any CPU = Debug|Any CPU
		Release|Any CPU = Release|Any CPU
	EndGlobalSection
	GlobalSection(ProjectConfigurationPlatforms) = postSolution
		{7D1E331C-0795-479F-9A8C-81736CAFCC7E}.Debug|Any CPU.ActiveCfg = Debug|Any CPU
		{7D1E331C-0795-479F-9A8C-81736CAFCC7E}.Debug|Any CPU.Build.0 = Debug|Any CPU
		{7D1E331C-0795-479F-9A8C-81736CAFCC7E}.Release|Any CPU.ActiveCfg = Release|Any CPU
		{7D1E331C-0795-479F-9A8C-81736CAFCC7E}.Release|Any CPU.Build.0 = Release|Any CPU
		{97595303-D543-44E7-BDBF-58E6468DDB1B}.Debug|Any CPU.ActiveCfg = Debug|Any CPU
		{97595303-D543-44E7-BDBF-58E6468DDB1B}.Debug|Any CPU.Build.0 = Debug|Any CPU
		{97595303-D543-44E7-BDBF-58E6468DDB1B}.Release|Any CPU.ActiveCfg = Release|Any CPU
		{97595303-D543-44E7-BDBF-58E6468DDB1B}.Release|Any CPU.Build.0 = Release|Any CPU
		{395A826F-50C5-42F5-8881-32EC9DB5537B}.Debug|Any CPU.ActiveCfg = Debug|Any CPU
		{395A826F-50C5-42F5-8881-32EC9DB5537B}.Debug|Any CPU.Build.0 = Debug|Any CPU
		{395A826F-50C5-42F5-8881-32EC9DB5537B}.Release|Any CPU.ActiveCfg = Release|Any CPU
		{395A826F-50C5-42F5-8881-32EC9DB5537B}.Release|Any CPU.Build.0 = Release|Any CPU
		{75CB3C7C-4B3A-45FC-9A5A-262E97E88991}.Debug|Any CPU.ActiveCfg = Debug|Any CPU
		{75CB3C7C-4B3A-45FC-9A5A-262E97E88991}.Debug|Any CPU.Build.0 = Debug|Any CPU
		{75CB3C7C-4B3A-45FC-9A5A-262E97E88991}.Release|Any CPU.ActiveCfg = Release|Any CPU
		{75CB3C7C-4B3A-45FC-9A5A-262E97E88991}.Release|Any CPU.Build.0 = Release|Any CPU
		{804854B1-4B21-4902-AA0B-90D1862F7E38}.Debug|Any CPU.ActiveCfg = Debug|Any CPU
		{804854B1-4B21-4902-AA0B-90D1862F7E38}.Debug|Any CPU.Build.0 = Debug|Any CPU
		{804854B1-4B21-4902-AA0B-90D1862F7E38}.Release|Any CPU.ActiveCfg = Release|Any CPU
		{804854B1-4B21-4902-AA0B-90D1862F7E38}.Release|Any CPU.Build.0 = Release|Any CPU
	EndGlobalSection
	GlobalSection(SolutionProperties) = preSolution
		HideSolutionNode = FALSE
	EndGlobalSection
	GlobalSection(NestedProjects) = preSolution
		{7D1E331C-0795-479F-9A8C-81736CAFCC7E} = {657FC7C8-B2D8-4F00-8E8D-51291F043C13}
		{97595303-D543-44E7-BDBF-58E6468DDB1B} = {A3287A8C-203D-40DC-B321-0F8E7F4057AA}
		{395A826F-50C5-42F5-8881-32EC9DB5537B} = {A3287A8C-203D-40DC-B321-0F8E7F4057AA}
		{75CB3C7C-4B3A-45FC-9A5A-262E97E88991} = {A3287A8C-203D-40DC-B321-0F8E7F4057AA}
		{804854B1-4B21-4902-AA0B-90D1862F7E38} = {A3287A8C-203D-40DC-B321-0F8E7F4057AA}
	EndGlobalSection
	GlobalSection(ExtensibilityGlobals) = postSolution
		SolutionGuid = {93958018-D421-45FC-B613-414EB24EA5B7}
	EndGlobalSection
EndGlobal
